
Microsoft Visual Studio Solution File, Format Version 12.00
# Visual Studio Version 16
VisualStudioVersion = 16.0.28803.156
MinimumVisualStudioVersion = 10.0.40219.1
Project("{FAE04EC0-301F-11D3-BF4B-00C04F79EFBC}") = "UsefulMethods", "UsefulMethods\UsefulMethods.csproj", "{AE987F5C-B169-4FE7-A751-815F87052530}"
EndProject
Project("{FAE04EC0-301F-11D3-BF4B-00C04F79EFBC}") = "MSUnitTestUsefulMethods", "UnitTestUsefullFunctions\MSUnitTestUsefulMethods.csproj", "{93931811-4989-4C55-8C8D-596A4158979C}"
EndProject
Project("{FAE04EC0-301F-11D3-BF4B-00C04F79EFBC}") = "ConsoleAppTestFastIsPrime", "ConsoleAppTestFastIsPrime\ConsoleAppTestFastIsPrime.csproj", "{F220B54A-65A4-4956-B9A7-DE12B5520E4D}"
EndProject
Global
	GlobalSection(SolutionConfigurationPlatforms) = preSolution
		Debug|Any CPU = Debug|Any CPU
		Release|Any CPU = Release|Any CPU
	EndGlobalSection
	GlobalSection(ProjectConfigurationPlatforms) = postSolution
		{AE987F5C-B169-4FE7-A751-815F87052530}.Debug|Any CPU.ActiveCfg = Debug|Any CPU
		{AE987F5C-B169-4FE7-A751-815F87052530}.Debug|Any CPU.Build.0 = Debug|Any CPU
		{AE987F5C-B169-4FE7-A751-815F87052530}.Release|Any CPU.ActiveCfg = Release|Any CPU
		{AE987F5C-B169-4FE7-A751-815F87052530}.Release|Any CPU.Build.0 = Release|Any CPU
		{93931811-4989-4C55-8C8D-596A4158979C}.Debug|Any CPU.ActiveCfg = Debug|Any CPU
		{93931811-4989-4C55-8C8D-596A4158979C}.Debug|Any CPU.Build.0 = Debug|Any CPU
		{93931811-4989-4C55-8C8D-596A4158979C}.Release|Any CPU.ActiveCfg = Release|Any CPU
		{93931811-4989-4C55-8C8D-596A4158979C}.Release|Any CPU.Build.0 = Release|Any CPU
		{F220B54A-65A4-4956-B9A7-DE12B5520E4D}.Debug|Any CPU.ActiveCfg = Debug|Any CPU
		{F220B54A-65A4-4956-B9A7-DE12B5520E4D}.Debug|Any CPU.Build.0 = Debug|Any CPU
		{F220B54A-65A4-4956-B9A7-DE12B5520E4D}.Release|Any CPU.ActiveCfg = Release|Any CPU
		{F220B54A-65A4-4956-B9A7-DE12B5520E4D}.Release|Any CPU.Build.0 = Release|Any CPU
	EndGlobalSection
	GlobalSection(SolutionProperties) = preSolution
		HideSolutionNode = FALSE
	EndGlobalSection
	GlobalSection(ExtensibilityGlobals) = postSolution
		SolutionGuid = {012A979E-C3BB-467C-8C4B-FE77A8B8864D}
	EndGlobalSection
EndGlobal
